github.com/alecthomas/assert v0.0.0-20170929043011-405dbfeb8e38 h1:smF2tmSOzy2Mm+0dGI2AIUHY+w0BUc+4tn40djz7+6U=
github.com/alecthomas/assert v0.0.0-20170929043011-405dbfeb8e38/go.mod h1:r7bzyVFMNntcxPZXK3/+KdruV1H5KSlyVY0gc+NgInI=
github.com/alecthomas/chroma v0.5.0 h1:PI0RlRSWL+8GSMuIMMA5KIND4CeJ5KXUQA60LLp/SjA=
github.com/alecthomas/chroma v0.5.0/go.mod h1:MmozekIi2rfQSzDcdEZ2BoJ9Pxs/7uc2Y4Boh+hIeZo=
github.com/alecthomas/colour v0.0.0-20160524082231-60882d9e2721 h1:JHZL0hZKJ1VENNfmXvHbgYlbUOvpzYzvy2aZU5gXVeo=
github.com/alecthomas/colour v0.0.0-20160524082231-60882d9e2721/go.mod h1:QO9JBoKquHd+jz9nshCh40fOfO+JzsoXy8qTHF68zU0=
github.com/alecthomas/repr v0.0.0-20180920225502-7ed41413b477 h1:APeZpova6JVuOZcSE4QJiyqybt+EMezXx2egUL5nbvs=
github.com/alecthomas/repr v0.0.0-20180920225502-7ed41413b477/go.mod h1:xTS7Pm1pD1mvyM075QCDSRqH6qRLXylzS24ZTpRiSzQ=
github.com/danwakefield/fnmatch v0.0.0-20160403171240-cbb64ac3d964 h1:y5HC9v93H5EPKqaS1UYVg1uYah5Xf51mBfIoWehClUQ=
github.com/danwakefield/fnmatch v0.0.0-20160403171240-cbb64ac3d964/go.mod h1:Xd9hchkHSWYkEqJwUGisez3G1QY8Ryz0sdWrLPMGjLk=
github.com/davecgh/go-spew v1.1.0/go.mod h1:J7Y8YcW2NihsgmVo/mv3lAwl/skON4iLHjSsI+c5H38=
github.com/davecgh/go-spew v1.1.1 h1:vj9j/u1bqnvCEfJOwUhtlOARqs3+rkHYY13jYWTU97c=
github.com/davecgh/go-spew v1.1.1/go.mod h1:J7Y8YcW2NihsgmVo/mv3lAwl/skON4iLHjSsI+c5H38=
github.com/dlclark/regexp2 v1.1.6 h1:CqB4MjHw0MFCDj+PHHjiESmHX+N7t0tJzKvC6M97BRg=
github.com/dlclark/regexp2 v1.1.6/go.mod h1:2pZnwuY/m+8K6iRw6wQdMtk+rH5tNGR1i55kozfMjCc=
github.com/google/shlex v0.0.0-20150127133951-6f45313302b9 h1:JM174NTeGNJ2m/oLH3UOWOvWQQKd+BoL3hcSCUWFLt0=
github.com/google/shlex v0.0.0-20150127133951-6f45313302b9/go.mod h1:RpwtwJQFrIEPstU94h88MWPXP2ektJZ8cZ0YntAmXiE=
github.com/kjk/notionapi v0.0.0-20190409234751-7e4fe51c064c h1:iYm5zc1XaPEt6uZLkfksxhMLya1W5pFOP7ymR+P3jNM=
github.com/kjk/notionapi v0.0.0-20190409234751-7e4fe51c064c/go.mod h1:Z/EMHQc5WHTPxNNOSLVgtCWGcZKUl/09/tXL/3rRDU0=
github.com/kjk/notionapi v0.0.0-20190410075642-7e4e434d2f85 h1:y5FO+w/3lQmt3wHy+ca7wTYWySeT22A7PvTI2M6yvQQ=
github.com/kjk/notionapi v0.0.0-20190410075642-7e4e434d2f85/go.mod h1:Z/EMHQc5WHTPxNNOSLVgtCWGcZKUl/09/tXL/3rRDU0=
github.com/kjk/notionapi v0.0.0-20190410080952-161ef4b0966b h1:PiaWdy3ikiSlEpicLPHErcmgJpJrCY9odAFbrtbvWpo=
github.com/kjk/notionapi v0.0.0-20190410080952-161ef4b0966b/go.mod h1:Z/EMHQc5WHTPxNNOSLVgtCWGcZKUl/09/tXL/3rRDU0=
github.com/kjk/notionapi v0.0.0-20190410210526-5ff6b2c281d4 h1:cWHw2ZpX54c8+02vWKnlwEJdR8cMBfngr85x+iR59zo=
github.com/kjk/notionapi v0.0.0-20190410210526-5ff6b2c281d4/go.mod h1:Z/EMHQc5WHTPxNNOSLVgtCWGcZKUl/09/tXL/3rRDU0=
github.com/kjk/notionapi v0.0.0-20190410212510-3463e83af75a h1:5HTqHZJBrVXOu12R8JHBkNZr/MDWa6CHPDzIDt8G8NE=
github.com/kjk/notionapi v0.0.0-20190410212510-3463e83af75a/go.mod h1:Z/EMHQc5WHTPxNNOSLVgtCWGcZKUl/09/tXL/3rRDU0=
github.com/kjk/notionapi v0.0.0-20190410213958-d8dcfa0bad43 h1:tH+Uu+wdg/dw1JIQakF6+Lf3qsCmFymAyYf0MsOAA+I=
github.com/kjk/notionapi v0.0.0-20190410213958-d8dcfa0bad43/go.mod h1:Z/EMHQc5WHTPxNNOSLVgtCWGcZKUl/09/tXL/3rRDU0=
github.com/kjk/notionapi v0.0.0-20190410215102-212e0be3dbe3 h1:1bccA0vLv/pP23hCdMReYv1eZP4oxLO35rfGksLJOnY=
github.com/kjk/notionapi v0.0.0-20190410215102-212e0be3dbe3/go.mod h1:Z/EMHQc5WHTPxNNOSLVgtCWGcZKUl/09/tXL/3rRDU0=
github.com/kjk/notionapi v0.0.0-20190410222035-ca71c79514e0 h1:5gy9AmtE5o7U1ZeihZTyPjPhu8mWtjxelahdeGLu01c=
github.com/kjk/notionapi v0.0.0-20190410222035-ca71c79514e0/go.mod h1:Z/EMHQc5WHTPxNNOSLVgtCWGcZKUl/09/tXL/3rRDU0=
github.com/kjk/notionapi v0.0.0-20190410223750-2ffc759f2bd5 h1:y7mPIFsQB7epLX/4ffivAE9DyT8IiOL9k418q4qhR7A=
github.com/kjk/notionapi v0.0.0-20190410223750-2ffc759f2bd5/go.mod h1:Z/EMHQc5WHTPxNNOSLVgtCWGcZKUl/09/tXL/3rRDU0=
github.com/kjk/notionapi v0.0.0-20190411001222-b95d0aedce7f h1:epIfOiA8zz1ASHXoQcPYS/4Fh0pohenX0Bex/BrSlZM=
github.com/kjk/notionapi v0.0.0-20190411001222-b95d0aedce7f/go.mod h1:Z/EMHQc5WHTPxNNOSLVgtCWGcZKUl/09/tXL/3rRDU0=
github.com/kjk/notionapi v0.0.0-20190411043200-14a3da140bd4 h1:Of0qvZeq8tVTNkk3R81FuiADEROlUAUZpqYacq2kE7s=
github.com/kjk/notionapi v0.0.0-20190411043200-14a3da140bd4/go.mod h1:Z/EMHQc5WHTPxNNOSLVgtCWGcZKUl/09/tXL/3rRDU0=
github.com/kjk/notionapi v0.0.0-20190411043619-ee06b352f41f h1:lQsYGeTIYyR0joP2SfdYNwbfKYcKBcdzFe+mOqhf8rc=
github.com/kjk/notionapi v0.0.0-20190411043619-ee06b352f41f/go.mod h1:Z/EMHQc5WHTPxNNOSLVgtCWGcZKUl/09/tXL/3rRDU0=
github.com/kjk/notionapi v0.0.0-20190411050623-1ff382f4104c h1:y+G5LLpgQZBZo7GcVubFAHGrfOp41xuiEjdS45aa4cs=
github.com/kjk/notionapi v0.0.0-20190411050623-1ff382f4104c/go.mod h1:Z/EMHQc5WHTPxNNOSLVgtCWGcZKUl/09/tXL/3rRDU0=
github.com/kjk/notionapi v0.0.0-20190411051944-30562ecd5a69 h1:JXCanS5eGcsbC/nqTCrMAiSY0umJHKuSUgH7zUcTJ8w=
github.com/kjk/notionapi v0.0.0-20190411051944-30562ecd5a69/go.mod h1:Z/EMHQc5WHTPxNNOSLVgtCWGcZKUl/09/tXL/3rRDU0=
github.com/kjk/notionapi v0.0.0-20190411053513-c12aa86de049 h1:zDXHXGqZvgStUBuC7lRanH0WscJs2hJdEWIbw7jo9XQ=
github.com/kjk/notionapi v0.0.0-20190411053513-c12aa86de049/go.mod h1:Z/EMHQc5WHTPxNNOSLVgtCWGcZKUl/09/tXL/3rRDU0=
github.com/kjk/notionapi v0.0.0-20190418032306-16f5e01a3c80 h1:+s3OdxBaAKSwz2YRbQijqu15eaRLu6cXJ7iBYnNv9e4=
github.com/kjk/notionapi v0.0.0-20190418032306-16f5e01a3c80/go.mod h1:Z/EMHQc5WHTPxNNOSLVgtCWGcZKUl/09/tXL/3rRDU0=
github.com/kjk/notionapi v0.0.0-20190504213955-d22d50ceb8be h1:ZQKKN6j2McgfWKb6YAwNwYLDgIBMn5CU4X4SUAhMas4=
github.com/kjk/notionapi v0.0.0-20190504213955-d22d50ceb8be/go.mod h1:Z/EMHQc5WHTPxNNOSLVgtCWGcZKUl/09/tXL/3rRDU0=
github.com/kjk/siser v0.0.0-20190326100825-7db886e875f8 h1:UKXwe5RSUUn0G4nSOf4XkoLvz6Op0HAnjO+kT86K59E=
github.com/kjk/siser v0.0.0-20190326100825-7db886e875f8/go.mod h1:oo+WID72k9eJqhReKJ8yXVm//jw96Y07p+xM467Ck4Y=
github.com/kjk/u v0.0.0-20170711051841-93181be023c9 h1:1j5Nzg2ooGH8dCMJiiMeRaW8nc299dVotlOkT9RTaK4=
github.com/kjk/u v0.0.0-20170711051841-93181be023c9/go.mod h1:1FuNJuW8o6xAHuUmu/8Iz26DkqkZJ353v42zJpkQonk=
github.com/kylelemons/godebug v0.0.0-20170820004349-d65d576e9348 h1:MtvEpTB6LX3vkb4ax0b5D2DHbNAUsen0Gx5wZoq3lV4=
github.com/kylelemons/godebug v0.0.0-20170820004349-d65d576e9348/go.mod h1:B69LEHPfb2qLo0BaaOLcbitczOKLWTsrBG9LczfCD4k=
github.com/mattn/go-isatty v0.0.4 h1:bnP0vzxcAdeI1zdubAl5PjU6zsERjGZb7raWodagDYs=
github.com/mattn/go-isatty v0.0.4/go.mod h1:M+lRXTBqGeGNdLjl/ufCoiOlB5xdOkqRJdNxMWT7Zi4=
github.com/pmezard/go-difflib v1.0.0 h1:4DBwDE0NGyQoBHbLQYPwSUPoCMWR5BEzIk/f1lZbAQM=
github.com/pmezard/go-difflib v1.0.0/go.mod h1:iKH77koFhYxTK1pcRnkKkqfTogsbg7gZNVY4sRDYZ/4=
github.com/sergi/go-diff v1.0.0 h1:Kpca3qRNrduNnOQeazBd0ysaKrUJiIuISHxogkT9RPQ=
github.com/sergi/go-diff v1.0.0/go.mod h1:0CfEIISq7TuYL3j771MWULgwwjU+GofnZX9QAmXWZgo=
github.com/stretchr/objx v0.1.0/go.mod h1:HFkY916IF+rwdDfMAkV7OtwuqBVzrE8GR6GFx+wExME=
github.com/stretchr/testify v1.2.2 h1:bSDNvY7ZPG5RlJ8otE/7V6gMiyenm9RtJ7IUVIAoJ1w=
github.com/stretchr/testify v1.2.2/go.mod h1:a8OnRcib4nhh0OaRAV+Yts87kKdq0PP7pXfy6kDkUVs=
github.com/stretchr/testify v1.3.0 h1:TivCn/peBQ7UY8ooIcPgZFpTNSz0Q2U6UrFlUfqbe0Q=
github.com/stretchr/testify v1.3.0/go.mod h1:M5WIy9Dh21IEIfnGCwXGc5bZfKNJtfHm1UVUgZn+9EI=
github.com/tdewolff/minify v2.3.5+incompatible h1:oFxBKxTIY1F/1DEJhLeh/T507W56JqZtWVrawFcdadI=
github.com/tdewolff/minify v2.3.5+incompatible/go.mod h1:9Ov578KJUmAWpS6NeZwRZyT56Uf6o3Mcz9CEsg8USYs=
github.com/tdewolff/parse v2.3.3+incompatible h1:q6OSjvHtvBucLb34z24OH1xl5wGdw1mI9Vd38Qj9evs=
github.com/tdewolff/parse v2.3.3+incompatible/go.mod h1:8oBwCsVmUkgHO8M5iCzSIDtpzXOT0WXX9cWhz+bIzJQ=
github.com/tdewolff/test v0.0.0-20171106182207-265427085153 h1:B1Z2txQ2QI9nsWELeEvGBAdNhMylGMSCCypjsLJh/Mw=
github.com/tdewolff/test v0.0.0-20171106182207-265427085153/go.mod h1:DiQUlutnqlEvdvhSn2LPGy4TFwRauAaYDsL+683RNX4=
golang.org/x/image v0.0.0-20190321063152-3fc05d484e9f h1:FO4MZ3N56GnxbqxGKqh+YTzUWQ2sDwtFQEZgLOxh9Jc=
golang.org/x/image v0.0.0-20190321063152-3fc05d484e9f/go.mod h1:kZ7UVZpmo3dzQBMxlp+ypCbDeSB+sBbTgSJuh5dn5js=
golang.org/x/sys v0.0.0-20181218192612-074acd46bca6 h1:MXtOG7w2ND9qNCUZSDBGll/SpVIq7ftozR9I8/JGBHY=
golang.org/x/sys v0.0.0-20181218192612-074acd46bca6/go.mod h1:STP8DvDyc/dI5b8T5hshtkjS+E42TnysNCUPdjciGhY=
golang.org/x/text v0.3.0/go.mod h1:NqM8EUOU14njkJ3fqMW+pc6Ldnwhi/IjpwHt7yyuwOQ=
